// !$*UTF8*$!
{
	archiveVersion = 1;
	classes = {
	};
	objectVersion = 46;
	objects = {

/* Begin PBXBuildFile section */
		437F6B401D717BA1008B8873 /* AppDelegate.swift in Sources */ = {isa = PBXBuildFile; fileRef = 437F6B3F1D717BA1008B8873 /* AppDelegate.swift */; };
		437F6B421D717BA1008B8873 /* ViewController.swift in Sources */ = {isa = PBXBuildFile; fileRef = 437F6B411D717BA1008B8873 /* ViewController.swift */; };
		437F6B451D717BA1008B8873 /* Main.storyboard in Resources */ = {isa = PBXBuildFile; fileRef = 437F6B431D717BA1008B8873 /* Main.storyboard */; };
		437F6B471D717BA2008B8873 /* Assets.xcassets in Resources */ = {isa = PBXBuildFile; fileRef = 437F6B461D717BA2008B8873 /* Assets.xcassets */; };
		437F6B4A1D717BA2008B8873 /* LaunchScreen.storyboard in Resources */ = {isa = PBXBuildFile; fileRef = 437F6B481D717BA2008B8873 /* LaunchScreen.storyboard */; };
		437F6B551D717BA2008B8873 /* LoginFormTests.swift in Sources */ = {isa = PBXBuildFile; fileRef = 437F6B541D717BA2008B8873 /* LoginFormTests.swift */; };
		437F6B601D717BA2008B8873 /* LoginFormUITests.swift in Sources */ = {isa = PBXBuildFile; fileRef = 437F6B5F1D717BA2008B8873 /* LoginFormUITests.swift */; };
/* End PBXBuildFile section */

/* Begin PBXContainerItemProxy section */
		437F6B511D717BA2008B8873 /* PBXContainerItemProxy */ = {
			isa = PBXContainerItemProxy;
			containerPortal = 437F6B341D717BA1008B8873 /* Project object */;
			proxyType = 1;
			remoteGlobalIDString = 437F6B3B1D717BA1008B8873;
			remoteInfo = LoginForm;
		};
		437F6B5C1D717BA2008B8873 /* PBXContainerItemProxy */ = {
			isa = PBXContainerItemProxy;
			containerPortal = 437F6B341D717BA1008B8873 /* Project object */;
			proxyType = 1;
			remoteGlobalIDString = 437F6B3B1D717BA1008B8873;
			remoteInfo = LoginForm;
		};
/* End PBXContainerItemProxy section */

/* Begin PBXFileReference section */
		437F6B3C1D717BA1008B8873 /* LoginForm.app */ = {isa = PBXFileReference; explicitFileType = wrapper.application; includeInIndex = 0; path = LoginForm.app; sourceTree = BUILT_PRODUCTS_DIR; };
		437F6B3F1D717BA1008B8873 /* AppDelegate.swift */ = {isa = PBXFileReference; lastKnownFileType = sourcecode.swift; path = AppDelegate.swift; sourceTree = "<group>"; };
		437F6B411D717BA1008B8873 /* ViewController.swift */ = {isa = PBXFileReference; lastKnownFileType = sourcecode.swift; path = ViewController.swift; sourceTree = "<group>"; };
		437F6B441D717BA1008B8873 /* Base */ = {isa = PBXFileReference; lastKnownFileType = file.storyboard; name = Base; path = Base.lproj/Main.storyboard; sourceTree = "<group>"; };
		437F6B461D717BA2008B8873 /* Assets.xcassets */ = {isa = PBXFileReference; lastKnownFileType = folder.assetcatalog; path = Assets.xcassets; sourceTree = "<group>"; };
		437F6B491D717BA2008B8873 /* Base */ = {isa = PBXFileReference; lastKnownFileType = file.storyboard; name = Base; path = Base.lproj/LaunchScreen.storyboard; sourceTree = "<group>"; };
		437F6B4B1D717BA2008B8873 /* Info.plist */ = {isa = PBXFileReference; lastKnownFileType = text.plist.xml; path = Info.plist; sourceTree = "<group>"; };
		437F6B501D717BA2008B8873 /* LoginFormTests.xctest */ = {isa = PBXFileReference; explicitFileType = wrapper.cfbundle; includeInIndex = 0; path = LoginFormTests.xctest; sourceTree = BUILT_PRODUCTS_DIR; };
		437F6B541D717BA2008B8873 /* LoginFormTests.swift */ = {isa = PBXFileReference; lastKnownFileType = sourcecode.swift; path = LoginFormTests.swift; sourceTree = "<group>"; };
		437F6B561D717BA2008B8873 /* Info.plist */ = {isa = PBXFileReference; lastKnownFileType = text.plist.xml; path = Info.plist; sourceTree = "<group>"; };
		437F6B5B1D717BA2008B8873 /* LoginFormUITests.xctest */ = {isa = PBXFileReference; explicitFileType = wrapper.cfbundle; includeInIndex = 0; path = LoginFormUITests.xctest; sourceTree = BUILT_PRODUCTS_DIR; };
		437F6B5F1D717BA2008B8873 /* LoginFormUITests.swift */ = {isa = PBXFileReference; lastKnownFileType = sourcecode.swift; path = LoginFormUITests.swift; sourceTree = "<group>"; };
		437F6B611D717BA2008B8873 /* Info.plist */ = {isa = PBXFileReference; lastKnownFileType = text.plist.xml; path = Info.plist; sourceTree = "<group>"; };
/* End PBXFileReference section */

/* Begin PBXFrameworksBuildPhase section */
		437F6B391D717BA1008B8873 /* Frameworks */ = {
			isa = PBXFrameworksBuildPhase;
			buildActionMask = 2147483647;
			files = (
			);
			runOnlyForDeploymentPostprocessing = 0;
		};
		437F6B4D1D717BA2008B8873 /* Frameworks */ = {
			isa = PBXFrameworksBuildPhase;
			buildActionMask = 2147483647;
			files = (
			);
			runOnlyForDeploymentPostprocessing = 0;
		};
		437F6B581D717BA2008B8873 /* Frameworks */ = {
			isa = PBXFrameworksBuildPhase;
			buildActionMask = 2147483647;
			files = (
			);
			runOnlyForDeploymentPostprocessing = 0;
		};
/* End PBXFrameworksBuildPhase section */

/* Begin PBXGroup section */
		437F6B331D717BA1008B8873 = {
			isa = PBXGroup;
			children = (
				437F6B3E1D717BA1008B8873 /* LoginForm */,
				437F6B531D717BA2008B8873 /* LoginFormTests */,
				437F6B5E1D717BA2008B8873 /* LoginFormUITests */,
				437F6B3D1D717BA1008B8873 /* Products */,
			);
			sourceTree = "<group>";
		};
		437F6B3D1D717BA1008B8873 /* Products */ = {
			isa = PBXGroup;
			children = (
				437F6B3C1D717BA1008B8873 /* LoginForm.app */,
				437F6B501D717BA2008B8873 /* LoginFormTests.xctest */,
				437F6B5B1D717BA2008B8873 /* LoginFormUITests.xctest */,
			);
			name = Products;
			sourceTree = "<group>";
		};
		437F6B3E1D717BA1008B8873 /* LoginForm */ = {
			isa = PBXGroup;
			children = (
				437F6B3F1D717BA1008B8873 /* AppDelegate.swift */,
				437F6B411D717BA1008B8873 /* ViewController.swift */,
				437F6B431D717BA1008B8873 /* Main.storyboard */,
				437F6B461D717BA2008B8873 /* Assets.xcassets */,
				437F6B481D717BA2008B8873 /* LaunchScreen.storyboard */,
				437F6B4B1D717BA2008B8873 /* Info.plist */,
			);
			path = LoginForm;
			sourceTree = "<group>";
		};
		437F6B531D717BA2008B8873 /* LoginFormTests */ = {
			isa = PBXGroup;
			children = (
				437F6B541D717BA2008B8873 /* LoginFormTests.swift */,
				437F6B561D717BA2008B8873 /* Info.plist */,
			);
			path = LoginFormTests;
			sourceTree = "<group>";
		};
		437F6B5E1D717BA2008B8873 /* LoginFormUITests */ = {
			isa = PBXGroup;
			children = (
				437F6B5F1D717BA2008B8873 /* LoginFormUITests.swift */,
				437F6B611D717BA2008B8873 /* Info.plist */,
			);
			path = LoginFormUITests;
			sourceTree = "<group>";
		};
/* End PBXGroup section */

/* Begin PBXNativeTarget section */
		437F6B3B1D717BA1008B8873 /* LoginForm */ = {
			isa = PBXNativeTarget;
			buildConfigurationList = 437F6B641D717BA2008B8873 /* Build configuration list for PBXNativeTarget "LoginForm" */;
			buildPhases = (
				437F6B381D717BA1008B8873 /* Sources */,
				437F6B391D717BA1008B8873 /* Frameworks */,
				437F6B3A1D717BA1008B8873 /* Resources */,
			);
			buildRules = (
			);
			dependencies = (
			);
			name = LoginForm;
			productName = LoginForm;
			productReference = 437F6B3C1D717BA1008B8873 /* LoginForm.app */;
			productType = "com.apple.product-type.application";
		};
		437F6B4F1D717BA2008B8873 /* LoginFormTests */ = {
			isa = PBXNativeTarget;
			buildConfigurationList = 437F6B671D717BA2008B8873 /* Build configuration list for PBXNativeTarget "LoginFormTests" */;
			buildPhases = (
				437F6B4C1D717BA2008B8873 /* Sources */,
				437F6B4D1D717BA2008B8873 /* Frameworks */,
				437F6B4E1D717BA2008B8873 /* Resources */,
			);
			buildRules = (
			);
			dependencies = (
				437F6B521D717BA2008B8873 /* PBXTargetDependency */,
			);
			name = LoginFormTests;
			productName = LoginFormTests;
			productReference = 437F6B501D717BA2008B8873 /* LoginFormTests.xctest */;
			productType = "com.apple.product-type.bundle.unit-test";
		};
		437F6B5A1D717BA2008B8873 /* LoginFormUITests */ = {
			isa = PBXNativeTarget;
			buildConfigurationList = 437F6B6A1D717BA2008B8873 /* Build configuration list for PBXNativeTarget "LoginFormUITests" */;
			buildPhases = (
				437F6B571D717BA2008B8873 /* Sources */,
				437F6B581D717BA2008B8873 /* Frameworks */,
				437F6B591D717BA2008B8873 /* Resources */,
			);
			buildRules = (
			);
			dependencies = (
				437F6B5D1D717BA2008B8873 /* PBXTargetDependency */,
			);
			name = LoginFormUITests;
			productName = LoginFormUITests;
			productReference = 437F6B5B1D717BA2008B8873 /* LoginFormUITests.xctest */;
			productType = "com.apple.product-type.bundle.ui-testing";
		};
/* End PBXNativeTarget section */

/* Begin PBXProject section */
		437F6B341D717BA1008B8873 /* Project object */ = {
			isa = PBXProject;
			attributes = {
				LastSwiftUpdateCheck = 0730;
				LastUpgradeCheck = 0730;
				ORGANIZATIONNAME = TTB10912;
				TargetAttributes = {
					437F6B3B1D717BA1008B8873 = {
						CreatedOnToolsVersion = 7.3.1;
					};
					437F6B4F1D717BA2008B8873 = {
						CreatedOnToolsVersion = 7.3.1;
						TestTargetID = 437F6B3B1D717BA1008B8873;
					};
					437F6B5A1D717BA2008B8873 = {
						CreatedOnToolsVersion = 7.3.1;
						TestTargetID = 437F6B3B1D717BA1008B8873;
					};
				};
			};
			buildConfigurationList = 437F6B371D717BA1008B8873 /* Build configuration list for PBXProject "LoginForm" */;
			compatibilityVersion = "Xcode 3.2";
			developmentRegion = English;
			hasScannedForEncodings = 0;
			knownRegions = (
				en,
				Base,
			);
			mainGroup = 437F6B331D717BA1008B8873;
			productRefGroup = 437F6B3D1D717BA1008B8873 /* Products */;
			projectDirPath = "";
			projectRoot = "";
			targets = (
				437F6B3B1D717BA1008B8873 /* LoginForm */,
				437F6B4F1D717BA2008B8873 /* LoginFormTests */,
				437F6B5A1D717BA2008B8873 /* LoginFormUITests */,
			);
		};
/* End PBXProject section */

/* Begin PBXResourcesBuildPhase section */
		437F6B3A1D717BA1008B8873 /* Resources */ = {
			isa = PBXResourcesBuildPhase;
			buildActionMask = 2147483647;
			files = (
				437F6B4A1D717BA2008B8873 /* LaunchScreen.storyboard in Resources */,
				437F6B471D717BA2008B8873 /* Assets.xcassets in Resources */,
				437F6B451D717BA1008B8873 /* Main.storyboard in Resources */,
			);
			runOnlyForDeploymentPostprocessing = 0;
		};
		437F6B4E1D717BA2008B8873 /* Resources */ = {
			isa = PBXResourcesBuildPhase;
			buildActionMask = 2147483647;
			files = (
			);
			runOnlyForDeploymentPostprocessing = 0;
		};
		437F6B591D717BA2008B8873 /* Resources */ = {
			isa = PBXResourcesBuildPhase;
			buildActionMask = 2147483647;
			files = (
			);
			runOnlyForDeploymentPostprocessing = 0;
		};
/* End PBXResourcesBuildPhase section */

/* Begin PBXSourcesBuildPhase section */
		437F6B381D717BA1008B8873 /* Sources */ = {
			isa = PBXSourcesBuildPhase;
			buildActionMask = 2147483647;
			files = (
				437F6B421D717BA1008B8873 /* ViewController.swift in Sources */,
				437F6B401D717BA1008B8873 /* AppDelegate.swift in Sources */,
			);
			runOnlyForDeploymentPostprocessing = 0;
		};
		437F6B4C1D717BA2008B8873 /* Sources */ = {
			isa = PBXSourcesBuildPhase;
			buildActionMask = 2147483647;
			files = (
				437F6B551D717BA2008B8873 /* LoginFormTests.swift in Sources */,
			);
			runOnlyForDeploymentPostprocessing = 0;
		};
		437F6B571D717BA2008B8873 /* Sources */ = {
			isa = PBXSourcesBuildPhase;
			buildActionMask = 2147483647;
			files = (
				437F6B601D717BA2008B8873 /* LoginFormUITests.swift in Sources */,
			);
			runOnlyForDeploymentPostprocessing = 0;
		};
/* End PBXSourcesBuildPhase section */

/* Begin PBXTargetDependency section */
		437F6B521D717BA2008B8873 /* PBXTargetDependency */ = {
			isa = PBXTargetDependency;
			target = 437F6B3B1D717BA1008B8873 /* LoginForm */;
			targetProxy = 437F6B511D717BA2008B8873 /* PBXContainerItemProxy */;
		};
		437F6B5D1D717BA2008B8873 /* PBXTargetDependency */ = {
			isa = PBXTargetDependency;
			target = 437F6B3B1D717BA1008B8873 /* LoginForm */;
			targetProxy = 437F6B5C1D717BA2008B8873 /* PBXContainerItemProxy */;
		};
/* End PBXTargetDependency section */

/* Begin PBXVariantGroup section */
		437F6B431D717BA1008B8873 /* Main.storyboard */ = {
			isa = PBXVariantGroup;
			children = (
				437F6B441D717BA1008B8873 /* Base */,
			);
			name = Main.storyboard;
			sourceTree = "<group>";
		};
		437F6B481D717BA2008B8873 /* LaunchScreen.storyboard */ = {
			isa = PBXVariantGroup;
			children = (
				437F6B491D717BA2008B8873 /* Base */,
			);
			name = LaunchScreen.storyboard;
			sourceTree = "<group>";
		};
/* End PBXVariantGroup section */

/* Begin XCBuildConfiguration section */
		437F6B621D717BA2008B8873 /* Debug */ = {
			isa = XCBuildConfiguration;
			buildSettings = {
				ALWAYS_SEARCH_USER_PATHS = NO;
				CLANG_ANALYZER_NONNULL = YES;
				CLANG_CXX_LANGUAGE_STANDARD = "gnu++0x";
				CLANG_CXX_LIBRARY = "libc++";
				CLANG_ENABLE_MODULES = YES;
				CLANG_ENABLE_OBJC_ARC = YES;
				CLANG_WARN_BOOL_CONVERSION = YES;
				CLANG_WARN_CONSTANT_CONVERSION = YES;
				CLANG_WARN_DIRECT_OBJC_ISA_USAGE = YES_ERROR;
				CLANG_WARN_EMPTY_BODY = YES;
				CLANG_WARN_ENUM_CONVERSION = YES;
				CLANG_WARN_INT_CONVERSION = YES;
				CLANG_WARN_OBJC_ROOT_CLASS = YES_ERROR;
				CLANG_WARN_UNREACHABLE_CODE = YES;
				CLANG_WARN__DUPLICATE_METHOD_MATCH = YES;
				"CODE_SIGN_IDENTITY[sdk=iphoneos*]" = "iPhone Developer";
				COPY_PHASE_STRIP = NO;
				DEBUG_INFORMATION_FORMAT = dwarf;
				ENABLE_STRICT_OBJC_MSGSEND = YES;
				ENABLE_TESTABILITY = YES;
				GCC_C_LANGUAGE_STANDARD = gnu99;
				GCC_DYNAMIC_NO_PIC = NO;
				GCC_NO_COMMON_BLOCKS = YES;
				GCC_OPTIMIZATION_LEVEL = 0;
				GCC_PREPROCESSOR_DEFINITIONS = (
					"DEBUG=1",
					"$(inherited)",
				);
				GCC_WARN_64_TO_32_BIT_CONVERSION = YES;
				GCC_WARN_ABOUT_RETURN_TYPE = YES_ERROR;
				GCC_WARN_UNDECLARED_SELECTOR = YES;
				GCC_WARN_UNINITIALIZED_AUTOS = YES_AGGRESSIVE;
				GCC_WARN_UNUSED_FUNCTION = YES;
				GCC_WARN_UNUSED_VARIABLE = YES;
				IPHONEOS_DEPLOYMENT_TARGET = 9.3;
				MTL_ENABLE_DEBUG_INFO = YES;
				ONLY_ACTIVE_ARCH = YES;
				SDKROOT = iphoneos;
				SWIFT_OPTIMIZATION_LEVEL = "-Onone";
				TARGETED_DEVICE_FAMILY = "1,2";
			};
			name = Debug;
		};
		437F6B631D717BA2008B8873 /* Release */ = {
			isa = XCBuildConfiguration;
			buildSettings = {
				ALWAYS_SEARCH_USER_PATHS = NO;
				CLANG_ANALYZER_NONNULL = YES;
				CLANG_CXX_LANGUAGE_STANDARD = "gnu++0x";
				CLANG_CXX_LIBRARY = "libc++";
				CLANG_ENABLE_MODULES = YES;
				CLANG_ENABLE_OBJC_ARC = YES;
				CLANG_WARN_BOOL_CONVERSION = YES;
				CLANG_WARN_CONSTANT_CONVERSION = YES;
				CLANG_WARN_DIRECT_OBJC_ISA_USAGE = YES_ERROR;
				CLANG_WARN_EMPTY_BODY = YES;
				CLANG_WARN_ENUM_CONVERSION = YES;
				CLANG_WARN_INT_CONVERSION = YES;
				CLANG_WARN_OBJC_ROOT_CLASS = YES_ERROR;
				CLANG_WARN_UNREACHABLE_CODE = YES;
				CLANG_WARN__DUPLICATE_METHOD_MATCH = YES;
				"CODE_SIGN_IDENTITY[sdk=iphoneos*]" = "iPhone Developer";
				COPY_PHASE_STRIP = NO;
				DEBUG_INFORMATION_FORMAT = "dwarf-with-dsym";
				ENABLE_NS_ASSERTIONS = NO;
				ENABLE_STRICT_OBJC_MSGSEND = YES;
				GCC_C_LANGUAGE_STANDARD = gnu99;
				GCC_NO_COMMON_BLOCKS = YES;
				GCC_WARN_64_TO_32_BIT_CONVERSION = YES;
				GCC_WARN_ABOUT_RETURN_TYPE = YES_ERROR;
				GCC_WARN_UNDECLARED_SELECTOR = YES;
				GCC_WARN_UNINITIALIZED_AUTOS = YES_AGGRESSIVE;
				GCC_WARN_UNUSED_FUNCTION = YES;
				GCC_WARN_UNUSED_VARIABLE = YES;
				IPHONEOS_DEPLOYMENT_TARGET = 9.3;
				MTL_ENABLE_DEBUG_INFO = NO;
				SDKROOT = iphoneos;
				TARGETED_DEVICE_FAMILY = "1,2";
				VALIDATE_PRODUCT = YES;
			};
			name = Release;
		};
		437F6B651D717BA2008B8873 /* Debug */ = {
			isa = XCBuildConfiguration;
			buildSettings = {
				ASSETCATALOG_COMPILER_APPICON_NAME = AppIcon;
				CODE_SIGN_IDENTITY = "iPhone Developer";
				"CODE_SIGN_IDENTITY[sdk=iphoneos*]" = "iPhone Developer";
				INFOPLIST_FILE = LoginForm/Info.plist;
				LD_RUNPATH_SEARCH_PATHS = "$(inherited) @executable_path/Frameworks";
				PRODUCT_BUNDLE_IDENTIFIER = c.ttb10912.LoginForm;
				PRODUCT_NAME = "$(TARGET_NAME)";
				PROVISIONING_PROFILE = "";
			};
			name = Debug;
		};
		437F6B661D717BA2008B8873 /* Release */ = {
			isa = XCBuildConfiguration;
			buildSettings = {
				ASSETCATALOG_COMPILER_APPICON_NAME = AppIcon;
				CODE_SIGN_IDENTITY = "iPhone Developer";
				"CODE_SIGN_IDENTITY[sdk=iphoneos*]" = "iPhone Developer";
				INFOPLIST_FILE = LoginForm/Info.plist;
				LD_RUNPATH_SEARCH_PATHS = "$(inherited) @executable_path/Frameworks";
				PRODUCT_BUNDLE_IDENTIFIER = c.ttb10912.LoginForm;
				PRODUCT_NAME = "$(TARGET_NAME)";
				PROVISIONING_PROFILE = "";
			};
			name = Release;
		};
		437F6B681D717BA2008B8873 /* Debug */ = {
			isa = XCBuildConfiguration;
			buildSettings = {
				BUNDLE_LOADER = "$(TEST_HOST)";
				INFOPLIST_FILE = LoginFormTests/Info.plist;
				LD_RUNPATH_SEARCH_PATHS = "$(inherited) @executable_path/Frameworks @loader_path/Frameworks";
				PRODUCT_BUNDLE_IDENTIFIER = c.ttb10912.LoginFormTests;
				PRODUCT_NAME = "$(TARGET_NAME)";
				TEST_HOST = "$(BUILT_PRODUCTS_DIR)/LoginForm.app/LoginForm";
			};
			name = Debug;
		};
		437F6B691D717BA2008B8873 /* Release */ = {
			isa = XCBuildConfiguration;
			buildSettings = {
				BUNDLE_LOADER = "$(TEST_HOST)";
				INFOPLIST_FILE = LoginFormTests/Info.plist;
				LD_RUNPATH_SEARCH_PATHS = "$(inherited) @executable_path/Frameworks @loader_path/Frameworks";
				PRODUCT_BUNDLE_IDENTIFIER = c.ttb10912.LoginFormTests;
				PRODUCT_NAME = "$(TARGET_NAME)";
				TEST_HOST = "$(BUILT_PRODUCTS_DIR)/LoginForm.app/LoginForm";
			};
			name = Release;
		};
		437F6B6B1D717BA2008B8873 /* Debug */ = {
			isa = XCBuildConfiguration;
			buildSettings = {
				INFOPLIST_FILE = LoginFormUITests/Info.plist;
				LD_RUNPATH_SEARCH_PATHS = "$(inherited) @executable_path/Frameworks @loader_path/Frameworks";
				PRODUCT_BUNDLE_IDENTIFIER = c.ttb10912.LoginFormUITests;
				PRODUCT_NAME = "$(TARGET_NAME)";
				TEST_TARGET_NAME = LoginForm;
			};
			name = Debug;
		};
		437F6B6C1D717BA2008B8873 /* Release */ = {
			isa = XCBuildConfiguration;
			buildSettings = {
				INFOPLIST_FILE = LoginFormUITests/Info.plist;
				LD_RUNPATH_SEARCH_PATHS = "$(inherited) @executable_path/Frameworks @loader_path/Frameworks";
				PRODUCT_BUNDLE_IDENTIFIER = c.ttb10912.LoginFormUITests;
				PRODUCT_NAME = "$(TARGET_NAME)";
				TEST_TARGET_NAME = LoginForm;
			};
			name = Release;
		};
/* End XCBuildConfiguration section */

/* Begin XCConfigurationList section */
		437F6B371D717BA1008B8873 /* Build configuration list for PBXProject "LoginForm" */ = {
			isa = XCConfigurationList;
			buildConfigurations = (
				437F6B621D717BA2008B8873 /* Debug */,
				437F6B631D717BA2008B8873 /* Release */,
			);
			defaultConfigurationIsVisible = 0;
			defaultConfigurationName = Release;
		};
		437F6B641D717BA2008B8873 /* Build configuration list for PBXNativeTarget "LoginForm" */ = {
			isa = XCConfigurationList;
			buildConfigurations = (
				437F6B651D717BA2008B8873 /* Debug */,
				437F6B661D717BA2008B8873 /* Release */,
			);
			defaultConfigurationIsVisible = 0;
		};
		437F6B671D717BA2008B8873 /* Build configuration list for PBXNativeTarget "LoginFormTests" */ = {
			isa = XCConfigurationList;
			buildConfigurations = (
				437F6B681D717BA2008B8873 /* Debug */,
				437F6B691D717BA2008B8873 /* Release */,
			);
			defaultConfigurationIsVisible = 0;
		};
		437F6B6A1D717BA2008B8873 /* Build configuration list for PBXNativeTarget "LoginFormUITests" */ = {
			isa = XCConfigurationList;
			buildConfigurations = (
				437F6B6B1D717BA2008B8873 /* Debug */,
				437F6B6C1D717BA2008B8873 /* Release */,
			);
			defaultConfigurationIsVisible = 0;
		};
/* End XCConfigurationList section */
	};
	rootObject = 437F6B341D717BA1008B8873 /* Project object */;
}
